
Microsoft Visual Studio Solution File, Format Version 12.00
# Visual Studio Version 17
VisualStudioVersion = 17.7.34031.279
MinimumVisualStudioVersion = 10.0.40219.1
Project("{FAE04EC0-301F-11D3-BF4B-00C04F79EFBC}") = "TLS", "TLS\TLS.csproj", "{71CE60E7-C513-4106-BE26-21EED1AF41BB}"
EndProject
Project("{FAE04EC0-301F-11D3-BF4B-00C04F79EFBC}") = "OOP", "OOP\OOP.csproj", "{BB8A1ED7-0ED6-4EEF-AFFD-DF34195A02DC}"
EndProject
Project("{FAE04EC0-301F-11D3-BF4B-00C04F79EFBC}") = "WinForms", "WinForms\WinForms.csproj", "{F6EBC3A8-4D40-4A54-9E8C-B12484707C09}"
EndProject
Global
	GlobalSection(SolutionConfigurationPlatforms) = preSolution
		Debug|Any CPU = Debug|Any CPU
		Release|Any CPU = Release|Any CPU
	EndGlobalSection
	GlobalSection(ProjectConfigurationPlatforms) = postSolution
		{71CE60E7-C513-4106-BE26-21EED1AF41BB}.Debug|Any CPU.ActiveCfg = Debug|Any CPU
		{71CE60E7-C513-4106-BE26-21EED1AF41BB}.Debug|Any CPU.Build.0 = Debug|Any CPU
		{71CE60E7-C513-4106-BE26-21EED1AF41BB}.Release|Any CPU.ActiveCfg = Release|Any CPU
		{71CE60E7-C513-4106-BE26-21EED1AF41BB}.Release|Any CPU.Build.0 = Release|Any CPU
		{BB8A1ED7-0ED6-4EEF-AFFD-DF34195A02DC}.Debug|Any CPU.ActiveCfg = Debug|Any CPU
		{BB8A1ED7-0ED6-4EEF-AFFD-DF34195A02DC}.Debug|Any CPU.Build.0 = Debug|Any CPU
		{BB8A1ED7-0ED6-4EEF-AFFD-DF34195A02DC}.Release|Any CPU.ActiveCfg = Release|Any CPU
		{BB8A1ED7-0ED6-4EEF-AFFD-DF34195A02DC}.Release|Any CPU.Build.0 = Release|Any CPU
		{F6EBC3A8-4D40-4A54-9E8C-B12484707C09}.Debug|Any CPU.ActiveCfg = Debug|Any CPU
		{F6EBC3A8-4D40-4A54-9E8C-B12484707C09}.Debug|Any CPU.Build.0 = Debug|Any CPU
		{F6EBC3A8-4D40-4A54-9E8C-B12484707C09}.Release|Any CPU.ActiveCfg = Release|Any CPU
		{F6EBC3A8-4D40-4A54-9E8C-B12484707C09}.Release|Any CPU.Build.0 = Release|Any CPU
	EndGlobalSection
	GlobalSection(SolutionProperties) = preSolution
		HideSolutionNode = FALSE
	EndGlobalSection
	GlobalSection(ExtensibilityGlobals) = postSolution
		SolutionGuid = {E04233B1-AFAD-4D69-926D-390ADAF48828}
	EndGlobalSection
EndGlobal
